# This file is autogenerated, do not edit; changes may be undone by the next 'dep ensure'.


[[projects]]
  branch = "master"
  name = "github.com/dullgiulio/pingo"
  packages = ["."]
  revision = "8b1949e35b5ad1412130efa845809e59fd660e76"

[solve-meta]
  analyzer-name = "dep"
  analyzer-version = 1
  inputs-digest = "a0c4e7c13f322b089cb4797146e8848c4d73b674a64d0b8e2af0ed9d677e8ff3"
  solver-name = "gps-cdcl"
  solver-version = 1
