# This file is autogenerated, do not edit; changes may be undone by the next 'dep ensure'.


[[projects]]
  branch = "master"
  name = "github.com/dullgiulio/pingo"
  packages = ["."]
  revision = "8b1949e35b5ad1412130efa845809e59fd660e76"

[[projects]]
  branch = "v2"
  name = "gopkg.in/yaml.v2"
  packages = ["."]
  revision = "d670f9405373e636a5a2765eea47fac0c9bc91a4"

[solve-meta]
  analyzer-name = "dep"
  analyzer-version = 1
  inputs-digest = "c793af78dc51685d509cb1aef5f903ae940813ccd2daf99da747c4d423f143e5"
  solver-name = "gps-cdcl"
  solver-version = 1
